
Microsoft Visual Studio Solution File, Format Version 12.00
# Visual Studio Version 17
Project("{8BC9CEB8-8B4A-11D0-8D11-00A0C91BC942}") = "ALL_BUILD", "ALL_BUILD.vcxproj", "{0F9712D2-483C-3157-88D1-F2422066648F}"
	ProjectSection(ProjectDependencies) = postProject
		{87DE8291-CE11-3AAD-8892-0D6C1DF7CD60} = {87DE8291-CE11-3AAD-8892-0D6C1DF7CD60}
		{A876A696-711D-3BBA-ACF8-E18F47EF3E5D} = {A876A696-711D-3BBA-ACF8-E18F47EF3E5D}
		{FBCBD190-DA3E-3E4A-A54E-A0ED8AD6EC09} = {FBCBD190-DA3E-3E4A-A54E-A0ED8AD6EC09}
		{92F637FD-4643-3652-8B60-9D9ACD21AF0E} = {92F637FD-4643-3652-8B60-9D9ACD21AF0E}
		{2D79E037-8C84-3C14-803D-B69999A773FE} = {2D79E037-8C84-3C14-803D-B69999A773FE}
		{D0DF8AC4-2FA0-353F-BE62-12C3051C6F19} = {D0DF8AC4-2FA0-353F-BE62-12C3051C6F19}
		{8CFF2F4A-61F7-30F1-AB85-4CB897978F12} = {8CFF2F4A-61F7-30F1-AB85-4CB897978F12}
		{F9F70647-ADAE-36D6-9C93-23894A35F6FB} = {F9F70647-ADAE-36D6-9C93-23894A35F6FB}
		{B04D9EA0-558D-3917-B762-C51F7D75E41F} = {B04D9EA0-558D-3917-B762-C51F7D75E41F}
	EndProjectSection
EndProject
Project("{8BC9CEB8-8B4A-11D0-8D11-00A0C91BC942}") = "RUN_TESTS", "RUN_TESTS.vcxproj", "{45F079B5-FE4F-39A5-980A-0CB1E8A29BCB}"
	ProjectSection(ProjectDependencies) = postProject
		{87DE8291-CE11-3AAD-8892-0D6C1DF7CD60} = {87DE8291-CE11-3AAD-8892-0D6C1DF7CD60}
	EndProjectSection
EndProject
Project("{8BC9CEB8-8B4A-11D0-8D11-00A0C91BC942}") = "ZERO_CHECK", "ZERO_CHECK.vcxproj", "{87DE8291-CE11-3AAD-8892-0D6C1DF7CD60}"
	ProjectSection(ProjectDependencies) = postProject
	EndProjectSection
EndProject
Project("{8BC9CEB8-8B4A-11D0-8D11-00A0C91BC942}") = "gtest", "gtest.vcxproj", "{A876A696-711D-3BBA-ACF8-E18F47EF3E5D}"
	ProjectSection(ProjectDependencies) = postProject
		{87DE8291-CE11-3AAD-8892-0D6C1DF7CD60} = {87DE8291-CE11-3AAD-8892-0D6C1DF7CD60}
	EndProjectSection
EndProject
Project("{8BC9CEB8-8B4A-11D0-8D11-00A0C91BC942}") = "minimal_test_demo", "minimal_test_demo.vcxproj", "{FBCBD190-DA3E-3E4A-A54E-A0ED8AD6EC09}"
	ProjectSection(ProjectDependencies) = postProject
		{87DE8291-CE11-3AAD-8892-0D6C1DF7CD60} = {87DE8291-CE11-3AAD-8892-0D6C1DF7CD60}
	EndProjectSection
EndProject
Project("{8BC9CEB8-8B4A-11D0-8D11-00A0C91BC942}") = "run_quick_tests", "run_quick_tests.vcxproj", "{49F78F53-54F5-316D-95F0-712441195FB2}"
	ProjectSection(ProjectDependencies) = postProject
		{87DE8291-CE11-3AAD-8892-0D6C1DF7CD60} = {87DE8291-CE11-3AAD-8892-0D6C1DF7CD60}
		{D0DF8AC4-2FA0-353F-BE62-12C3051C6F19} = {D0DF8AC4-2FA0-353F-BE62-12C3051C6F19}
		{B04D9EA0-558D-3917-B762-C51F7D75E41F} = {B04D9EA0-558D-3917-B762-C51F7D75E41F}
	EndProjectSection
EndProject
Project("{8BC9CEB8-8B4A-11D0-8D11-00A0C91BC942}") = "simple_test_demo", "simple_test_demo.vcxproj", "{92F637FD-4643-3652-8B60-9D9ACD21AF0E}"
	ProjectSection(ProjectDependencies) = postProject
		{87DE8291-CE11-3AAD-8892-0D6C1DF7CD60} = {87DE8291-CE11-3AAD-8892-0D6C1DF7CD60}
		{A876A696-711D-3BBA-ACF8-E18F47EF3E5D} = {A876A696-711D-3BBA-ACF8-E18F47EF3E5D}
	EndProjectSection
EndProject
Project("{8BC9CEB8-8B4A-11D0-8D11-00A0C91BC942}") = "test_agent_execution", "test_agent_execution.vcxproj", "{2D79E037-8C84-3C14-803D-B69999A773FE}"
	ProjectSection(ProjectDependencies) = postProject
		{87DE8291-CE11-3AAD-8892-0D6C1DF7CD60} = {87DE8291-CE11-3AAD-8892-0D6C1DF7CD60}
		{A876A696-711D-3BBA-ACF8-E18F47EF3E5D} = {A876A696-711D-3BBA-ACF8-E18F47EF3E5D}
	EndProjectSection
EndProject
Project("{8BC9CEB8-8B4A-11D0-8D11-00A0C91BC942}") = "test_config_manager", "test_config_manager.vcxproj", "{D0DF8AC4-2FA0-353F-BE62-12C3051C6F19}"
	ProjectSection(ProjectDependencies) = postProject
		{87DE8291-CE11-3AAD-8892-0D6C1DF7CD60} = {87DE8291-CE11-3AAD-8892-0D6C1DF7CD60}
		{A876A696-711D-3BBA-ACF8-E18F47EF3E5D} = {A876A696-711D-3BBA-ACF8-E18F47EF3E5D}
	EndProjectSection
EndProject
Project("{8BC9CEB8-8B4A-11D0-8D11-00A0C91BC942}") = "test_error_scenarios", "test_error_scenarios.vcxproj", "{8CFF2F4A-61F7-30F1-AB85-4CB897978F12}"
	ProjectSection(ProjectDependencies) = postProject
		{87DE8291-CE11-3AAD-8892-0D6C1DF7CD60} = {87DE8291-CE11-3AAD-8892-0D6C1DF7CD60}
		{A876A696-711D-3BBA-ACF8-E18F47EF3E5D} = {A876A696-711D-3BBA-ACF8-E18F47EF3E5D}
	EndProjectSection
EndProject
Project("{8BC9CEB8-8B4A-11D0-8D11-00A0C91BC942}") = "test_http_server", "test_http_server.vcxproj", "{F9F70647-ADAE-36D6-9C93-23894A35F6FB}"
	ProjectSection(ProjectDependencies) = postProject
		{87DE8291-CE11-3AAD-8892-0D6C1DF7CD60} = {87DE8291-CE11-3AAD-8892-0D6C1DF7CD60}
		{A876A696-711D-3BBA-ACF8-E18F47EF3E5D} = {A876A696-711D-3BBA-ACF8-E18F47EF3E5D}
	EndProjectSection
EndProject
Project("{8BC9CEB8-8B4A-11D0-8D11-00A0C91BC942}") = "test_model_interface", "test_model_interface.vcxproj", "{B04D9EA0-558D-3917-B762-C51F7D75E41F}"
	ProjectSection(ProjectDependencies) = postProject
		{87DE8291-CE11-3AAD-8892-0D6C1DF7CD60} = {87DE8291-CE11-3AAD-8892-0D6C1DF7CD60}
		{A876A696-711D-3BBA-ACF8-E18F47EF3E5D} = {A876A696-711D-3BBA-ACF8-E18F47EF3E5D}
	EndProjectSection
EndProject
Global
	GlobalSection(SolutionConfigurationPlatforms) = preSolution
		Debug|x64 = Debug|x64
		Release|x64 = Release|x64
		MinSizeRel|x64 = MinSizeRel|x64
		RelWithDebInfo|x64 = RelWithDebInfo|x64
	EndGlobalSection
	GlobalSection(ProjectConfigurationPlatforms) = postSolution
		{0F9712D2-483C-3157-88D1-F2422066648F}.Debug|x64.ActiveCfg = Debug|x64
		{0F9712D2-483C-3157-88D1-F2422066648F}.Release|x64.ActiveCfg = Release|x64
		{0F9712D2-483C-3157-88D1-F2422066648F}.MinSizeRel|x64.ActiveCfg = MinSizeRel|x64
		{0F9712D2-483C-3157-88D1-F2422066648F}.RelWithDebInfo|x64.ActiveCfg = RelWithDebInfo|x64
		{45F079B5-FE4F-39A5-980A-0CB1E8A29BCB}.Debug|x64.ActiveCfg = Debug|x64
		{45F079B5-FE4F-39A5-980A-0CB1E8A29BCB}.Release|x64.ActiveCfg = Release|x64
		{45F079B5-FE4F-39A5-980A-0CB1E8A29BCB}.MinSizeRel|x64.ActiveCfg = MinSizeRel|x64
		{45F079B5-FE4F-39A5-980A-0CB1E8A29BCB}.RelWithDebInfo|x64.ActiveCfg = RelWithDebInfo|x64
		{87DE8291-CE11-3AAD-8892-0D6C1DF7CD60}.Debug|x64.ActiveCfg = Debug|x64
		{87DE8291-CE11-3AAD-8892-0D6C1DF7CD60}.Debug|x64.Build.0 = Debug|x64
		{87DE8291-CE11-3AAD-8892-0D6C1DF7CD60}.Release|x64.ActiveCfg = Release|x64
		{87DE8291-CE11-3AAD-8892-0D6C1DF7CD60}.Release|x64.Build.0 = Release|x64
		{87DE8291-CE11-3AAD-8892-0D6C1DF7CD60}.MinSizeRel|x64.ActiveCfg = MinSizeRel|x64
		{87DE8291-CE11-3AAD-8892-0D6C1DF7CD60}.MinSizeRel|x64.Build.0 = MinSizeRel|x64
		{87DE8291-CE11-3AAD-8892-0D6C1DF7CD60}.RelWithDebInfo|x64.ActiveCfg = RelWithDebInfo|x64
		{87DE8291-CE11-3AAD-8892-0D6C1DF7CD60}.RelWithDebInfo|x64.Build.0 = RelWithDebInfo|x64
		{A876A696-711D-3BBA-ACF8-E18F47EF3E5D}.Debug|x64.ActiveCfg = Debug|x64
		{A876A696-711D-3BBA-ACF8-E18F47EF3E5D}.Debug|x64.Build.0 = Debug|x64
		{A876A696-711D-3BBA-ACF8-E18F47EF3E5D}.Release|x64.ActiveCfg = Release|x64
		{A876A696-711D-3BBA-ACF8-E18F47EF3E5D}.Release|x64.Build.0 = Release|x64
		{A876A696-711D-3BBA-ACF8-E18F47EF3E5D}.MinSizeRel|x64.ActiveCfg = MinSizeRel|x64
		{A876A696-711D-3BBA-ACF8-E18F47EF3E5D}.MinSizeRel|x64.Build.0 = MinSizeRel|x64
		{A876A696-711D-3BBA-ACF8-E18F47EF3E5D}.RelWithDebInfo|x64.ActiveCfg = RelWithDebInfo|x64
		{A876A696-711D-3BBA-ACF8-E18F47EF3E5D}.RelWithDebInfo|x64.Build.0 = RelWithDebInfo|x64
		{FBCBD190-DA3E-3E4A-A54E-A0ED8AD6EC09}.Debug|x64.ActiveCfg = Debug|x64
		{FBCBD190-DA3E-3E4A-A54E-A0ED8AD6EC09}.Debug|x64.Build.0 = Debug|x64
		{FBCBD190-DA3E-3E4A-A54E-A0ED8AD6EC09}.Release|x64.ActiveCfg = Release|x64
		{FBCBD190-DA3E-3E4A-A54E-A0ED8AD6EC09}.Release|x64.Build.0 = Release|x64
		{FBCBD190-DA3E-3E4A-A54E-A0ED8AD6EC09}.MinSizeRel|x64.ActiveCfg = MinSizeRel|x64
		{FBCBD190-DA3E-3E4A-A54E-A0ED8AD6EC09}.MinSizeRel|x64.Build.0 = MinSizeRel|x64
		{FBCBD190-DA3E-3E4A-A54E-A0ED8AD6EC09}.RelWithDebInfo|x64.ActiveCfg = RelWithDebInfo|x64
		{FBCBD190-DA3E-3E4A-A54E-A0ED8AD6EC09}.RelWithDebInfo|x64.Build.0 = RelWithDebInfo|x64
		{49F78F53-54F5-316D-95F0-712441195FB2}.Debug|x64.ActiveCfg = Debug|x64
		{49F78F53-54F5-316D-95F0-712441195FB2}.Release|x64.ActiveCfg = Release|x64
		{49F78F53-54F5-316D-95F0-712441195FB2}.MinSizeRel|x64.ActiveCfg = MinSizeRel|x64
		{49F78F53-54F5-316D-95F0-712441195FB2}.RelWithDebInfo|x64.ActiveCfg = RelWithDebInfo|x64
		{92F637FD-4643-3652-8B60-9D9ACD21AF0E}.Debug|x64.ActiveCfg = Debug|x64
		{92F637FD-4643-3652-8B60-9D9ACD21AF0E}.Debug|x64.Build.0 = Debug|x64
		{92F637FD-4643-3652-8B60-9D9ACD21AF0E}.Release|x64.ActiveCfg = Release|x64
		{92F637FD-4643-3652-8B60-9D9ACD21AF0E}.Release|x64.Build.0 = Release|x64
		{92F637FD-4643-3652-8B60-9D9ACD21AF0E}.MinSizeRel|x64.ActiveCfg = MinSizeRel|x64
		{92F637FD-4643-3652-8B60-9D9ACD21AF0E}.MinSizeRel|x64.Build.0 = MinSizeRel|x64
		{92F637FD-4643-3652-8B60-9D9ACD21AF0E}.RelWithDebInfo|x64.ActiveCfg = RelWithDebInfo|x64
		{92F637FD-4643-3652-8B60-9D9ACD21AF0E}.RelWithDebInfo|x64.Build.0 = RelWithDebInfo|x64
		{2D79E037-8C84-3C14-803D-B69999A773FE}.Debug|x64.ActiveCfg = Debug|x64
		{2D79E037-8C84-3C14-803D-B69999A773FE}.Debug|x64.Build.0 = Debug|x64
		{2D79E037-8C84-3C14-803D-B69999A773FE}.Release|x64.ActiveCfg = Release|x64
		{2D79E037-8C84-3C14-803D-B69999A773FE}.Release|x64.Build.0 = Release|x64
		{2D79E037-8C84-3C14-803D-B69999A773FE}.MinSizeRel|x64.ActiveCfg = MinSizeRel|x64
		{2D79E037-8C84-3C14-803D-B69999A773FE}.MinSizeRel|x64.Build.0 = MinSizeRel|x64
		{2D79E037-8C84-3C14-803D-B69999A773FE}.RelWithDebInfo|x64.ActiveCfg = RelWithDebInfo|x64
		{2D79E037-8C84-3C14-803D-B69999A773FE}.RelWithDebInfo|x64.Build.0 = RelWithDebInfo|x64
		{D0DF8AC4-2FA0-353F-BE62-12C3051C6F19}.Debug|x64.ActiveCfg = Debug|x64
		{D0DF8AC4-2FA0-353F-BE62-12C3051C6F19}.Debug|x64.Build.0 = Debug|x64
		{D0DF8AC4-2FA0-353F-BE62-12C3051C6F19}.Release|x64.ActiveCfg = Release|x64
		{D0DF8AC4-2FA0-353F-BE62-12C3051C6F19}.Release|x64.Build.0 = Release|x64
		{D0DF8AC4-2FA0-353F-BE62-12C3051C6F19}.MinSizeRel|x64.ActiveCfg = MinSizeRel|x64
		{D0DF8AC4-2FA0-353F-BE62-12C3051C6F19}.MinSizeRel|x64.Build.0 = MinSizeRel|x64
		{D0DF8AC4-2FA0-353F-BE62-12C3051C6F19}.RelWithDebInfo|x64.ActiveCfg = RelWithDebInfo|x64
		{D0DF8AC4-2FA0-353F-BE62-12C3051C6F19}.RelWithDebInfo|x64.Build.0 = RelWithDebInfo|x64
		{8CFF2F4A-61F7-30F1-AB85-4CB897978F12}.Debug|x64.ActiveCfg = Debug|x64
		{8CFF2F4A-61F7-30F1-AB85-4CB897978F12}.Debug|x64.Build.0 = Debug|x64
		{8CFF2F4A-61F7-30F1-AB85-4CB897978F12}.Release|x64.ActiveCfg = Release|x64
		{8CFF2F4A-61F7-30F1-AB85-4CB897978F12}.Release|x64.Build.0 = Release|x64
		{8CFF2F4A-61F7-30F1-AB85-4CB897978F12}.MinSizeRel|x64.ActiveCfg = MinSizeRel|x64
		{8CFF2F4A-61F7-30F1-AB85-4CB897978F12}.MinSizeRel|x64.Build.0 = MinSizeRel|x64
		{8CFF2F4A-61F7-30F1-AB85-4CB897978F12}.RelWithDebInfo|x64.ActiveCfg = RelWithDebInfo|x64
		{8CFF2F4A-61F7-30F1-AB85-4CB897978F12}.RelWithDebInfo|x64.Build.0 = RelWithDebInfo|x64
		{F9F70647-ADAE-36D6-9C93-23894A35F6FB}.Debug|x64.ActiveCfg = Debug|x64
		{F9F70647-ADAE-36D6-9C93-23894A35F6FB}.Debug|x64.Build.0 = Debug|x64
		{F9F70647-ADAE-36D6-9C93-23894A35F6FB}.Release|x64.ActiveCfg = Release|x64
		{F9F70647-ADAE-36D6-9C93-23894A35F6FB}.Release|x64.Build.0 = Release|x64
		{F9F70647-ADAE-36D6-9C93-23894A35F6FB}.MinSizeRel|x64.ActiveCfg = MinSizeRel|x64
		{F9F70647-ADAE-36D6-9C93-23894A35F6FB}.MinSizeRel|x64.Build.0 = MinSizeRel|x64
		{F9F70647-ADAE-36D6-9C93-23894A35F6FB}.RelWithDebInfo|x64.ActiveCfg = RelWithDebInfo|x64
		{F9F70647-ADAE-36D6-9C93-23894A35F6FB}.RelWithDebInfo|x64.Build.0 = RelWithDebInfo|x64
		{B04D9EA0-558D-3917-B762-C51F7D75E41F}.Debug|x64.ActiveCfg = Debug|x64
		{B04D9EA0-558D-3917-B762-C51F7D75E41F}.Debug|x64.Build.0 = Debug|x64
		{B04D9EA0-558D-3917-B762-C51F7D75E41F}.Release|x64.ActiveCfg = Release|x64
		{B04D9EA0-558D-3917-B762-C51F7D75E41F}.Release|x64.Build.0 = Release|x64
		{B04D9EA0-558D-3917-B762-C51F7D75E41F}.MinSizeRel|x64.ActiveCfg = MinSizeRel|x64
		{B04D9EA0-558D-3917-B762-C51F7D75E41F}.MinSizeRel|x64.Build.0 = MinSizeRel|x64
		{B04D9EA0-558D-3917-B762-C51F7D75E41F}.RelWithDebInfo|x64.ActiveCfg = RelWithDebInfo|x64
		{B04D9EA0-558D-3917-B762-C51F7D75E41F}.RelWithDebInfo|x64.Build.0 = RelWithDebInfo|x64
	EndGlobalSection
	GlobalSection(ExtensibilityGlobals) = postSolution
		SolutionGuid = {99DB2A2E-1205-3693-80A9-F190FF868EFA}
	EndGlobalSection
	GlobalSection(ExtensibilityAddIns) = postSolution
	EndGlobalSection
EndGlobal
